
Microsoft Visual Studio Solution File, Format Version 12.00
# Visual Studio Version 16
VisualStudioVersion = 16.0.29306.81
MinimumVisualStudioVersion = 10.0.40219.1
Project("{FAE04EC0-301F-11D3-BF4B-00C04F79EFBC}") = "Wizard_Aydin_Olga", "Wizard_Aydin_Olga\Wizard_Aydin_Olga.csproj", "{9753EEE7-1880-44A6-A40A-A6BE8D2A950E}"
EndProject
Global
	GlobalSection(SolutionConfigurationPlatforms) = preSolution
		Debug|Any CPU = Debug|Any CPU
		Release|Any CPU = Release|Any CPU
	EndGlobalSection
	GlobalSection(ProjectConfigurationPlatforms) = postSolution
		{9753EEE7-1880-44A6-A40A-A6BE8D2A950E}.Debug|Any CPU.ActiveCfg = Debug|Any CPU
		{9753EEE7-1880-44A6-A40A-A6BE8D2A950E}.Debug|Any CPU.Build.0 = Debug|Any CPU
		{9753EEE7-1880-44A6-A40A-A6BE8D2A950E}.Release|Any CPU.ActiveCfg = Release|Any CPU
		{9753EEE7-1880-44A6-A40A-A6BE8D2A950E}.Release|Any CPU.Build.0 = Release|Any CPU
	EndGlobalSection
	GlobalSection(SolutionProperties) = preSolution
		HideSolutionNode = FALSE
	EndGlobalSection
	GlobalSection(ExtensibilityGlobals) = postSolution
		SolutionGuid = {8293B755-CDEE-4927-8F25-DACB90DAABE2}
	EndGlobalSection
EndGlobal
